Microsoft Visual Studio Solution File, Format Version 12.00
# Visual Studio Version 17
VisualStudioVersion = 17.5.2.0
MinimumVisualStudioVersion = 10.0.40219.1
Project("{FAE04EC0-301F-11D3-BF4B-00C04F79EFBC}") = "Warehouse", "Warehouse.csproj", "{41841773-1009-CB0A-316E-D3C5D2A76CBF}"
EndProject
Global
	GlobalSection(SolutionConfigurationPlatforms) = preSolution
		Debug|Any CPU = Debug|Any CPU
		Release|Any CPU = Release|Any CPU
	EndGlobalSection
	GlobalSection(ProjectConfigurationPlatforms) = postSolution
		{41841773-1009-CB0A-316E-D3C5D2A76CBF}.Debug|Any CPU.ActiveCfg = Debug|Any CPU
		{41841773-1009-CB0A-316E-D3C5D2A76CBF}.Debug|Any CPU.Build.0 = Debug|Any CPU
		{41841773-1009-CB0A-316E-D3C5D2A76CBF}.Release|Any CPU.ActiveCfg = Release|Any CPU
		{41841773-1009-CB0A-316E-D3C5D2A76CBF}.Release|Any CPU.Build.0 = Release|Any CPU
	EndGlobalSection
	GlobalSection(SolutionProperties) = preSolution
		HideSolutionNode = FALSE
	EndGlobalSection
	GlobalSection(ExtensibilityGlobals) = postSolution
		SolutionGuid = {C15CE6D6-C821-45AC-9D32-E8154AC92D7B}
	EndGlobalSection
EndGlobal
